// !$*UTF8*$!
{
	archiveVersion = 1;
	classes = {
	};
	objectVersion = 56;
	objects = {

/* Begin PBXBuildFile section */
		05751DF92AA578D700DE9203 /* feed_the_poro_v2App.swift in Sources */ = {isa = PBXBuildFile; fileRef = 05751DF82AA578D700DE9203 /* feed_the_poro_v2App.swift */; };
		05751DFB2AA578D700DE9203 /* ContentView.swift in Sources */ = {isa = PBXBuildFile; fileRef = 05751DFA2AA578D700DE9203 /* ContentView.swift */; };
		05751DFD2AA578D700DE9203 /* Assets.xcassets in Resources */ = {isa = PBXBuildFile; fileRef = 05751DFC2AA578D700DE9203 /* Assets.xcassets */; };
		05751E012AA578D700DE9203 /* Preview Assets.xcassets in Resources */ = {isa = PBXBuildFile; fileRef = 05751E002AA578D700DE9203 /* Preview Assets.xcassets */; };
		05751E0B2AA578D700DE9203 /* feed_the_poro_v2Tests.swift in Sources */ = {isa = PBXBuildFile; fileRef = 05751E0A2AA578D700DE9203 /* feed_the_poro_v2Tests.swift */; };
		05751E152AA578D700DE9203 /* feed_the_poro_v2UITests.swift in Sources */ = {isa = PBXBuildFile; fileRef = 05751E142AA578D700DE9203 /* feed_the_poro_v2UITests.swift */; };
		05751E172AA578D700DE9203 /* feed_the_poro_v2UITestsLaunchTests.swift in Sources */ = {isa = PBXBuildFile; fileRef = 05751E162AA578D700DE9203 /* feed_the_poro_v2UITestsLaunchTests.swift */; };
		05751E242AA5790800DE9203 /* GameManager.swift in Sources */ = {isa = PBXBuildFile; fileRef = 05751E232AA5790800DE9203 /* GameManager.swift */; };
		05751E262AA5793200DE9203 /* Scramble.swift in Sources */ = {isa = PBXBuildFile; fileRef = 05751E252AA5793200DE9203 /* Scramble.swift */; };
		05751E342AA69C5800DE9203 /* random.swift in Sources */ = {isa = PBXBuildFile; fileRef = 05751E332AA69C5800DE9203 /* random.swift */; };
		057EBEA02AB7BB5500872E6C /* AllWords.swift in Sources */ = {isa = PBXBuildFile; fileRef = 057EBE9F2AB7BB5500872E6C /* AllWords.swift */; };
		057EBEA22AB7BB6400872E6C /* French.swift in Sources */ = {isa = PBXBuildFile; fileRef = 057EBEA12AB7BB6400872E6C /* French.swift */; };
		057EBEA42AB7BB7700872E6C /* German.swift in Sources */ = {isa = PBXBuildFile; fileRef = 057EBEA32AB7BB7700872E6C /* German.swift */; };
		057EBEA62AB7BB8000872E6C /* Italian.swift in Sources */ = {isa = PBXBuildFile; fileRef = 057EBEA52AB7BB8000872E6C /* Italian.swift */; };
		0582F7E52AB00D1F00AF62C4 /* PreferencesView.swift in Sources */ = {isa = PBXBuildFile; fileRef = 0582F7E42AB00D1F00AF62C4 /* PreferencesView.swift */; };
		0582F7E72AB018EE00AF62C4 /* HintsView.swift in Sources */ = {isa = PBXBuildFile; fileRef = 0582F7E62AB018EE00AF62C4 /* HintsView.swift */; };
		0582F7E92AB0321C00AF62C4 /* shape.swift in Sources */ = {isa = PBXBuildFile; fileRef = 0582F7E82AB0321C00AF62C4 /* shape.swift */; };
/* End PBXBuildFile section */

/* Begin PBXContainerItemProxy section */
		05751E072AA578D700DE9203 /* PBXContainerItemProxy */ = {
			isa = PBXContainerItemProxy;
			containerPortal = 05751DED2AA578D600DE9203 /* Project object */;
			proxyType = 1;
			remoteGlobalIDString = 05751DF42AA578D600DE9203;
			remoteInfo = feed_the_poro_v2;
		};
		05751E112AA578D700DE9203 /* PBXContainerItemProxy */ = {
			isa = PBXContainerItemProxy;
			containerPortal = 05751DED2AA578D600DE9203 /* Project object */;
			proxyType = 1;
			remoteGlobalIDString = 05751DF42AA578D600DE9203;
			remoteInfo = feed_the_poro_v2;
		};
/* End PBXContainerItemProxy section */

/* Begin PBXFileReference section */
		05751DF52AA578D600DE9203 /* feed_the_poro_v2.app */ = {isa = PBXFileReference; explicitFileType = wrapper.application; includeInIndex = 0; path = feed_the_poro_v2.app; sourceTree = BUILT_PRODUCTS_DIR; };
		05751DF82AA578D700DE9203 /* feed_the_poro_v2App.swift */ = {isa = PBXFileReference; lastKnownFileType = sourcecode.swift; path = feed_the_poro_v2App.swift; sourceTree = "<group>"; };
		05751DFA2AA578D700DE9203 /* ContentView.swift */ = {isa = PBXFileReference; lastKnownFileType = sourcecode.swift; path = ContentView.swift; sourceTree = "<group>"; };
		05751DFC2AA578D700DE9203 /* Assets.xcassets */ = {isa = PBXFileReference; lastKnownFileType = folder.assetcatalog; path = Assets.xcassets; sourceTree = "<group>"; };
		05751DFE2AA578D700DE9203 /* feed_the_poro_v2.entitlements */ = {isa = PBXFileReference; lastKnownFileType = text.plist.entitlements; path = feed_the_poro_v2.entitlements; sourceTree = "<group>"; };
		05751E002AA578D700DE9203 /* Preview Assets.xcassets */ = {isa = PBXFileReference; lastKnownFileType = folder.assetcatalog; path = "Preview Assets.xcassets"; sourceTree = "<group>"; };
		05751E062AA578D700DE9203 /* feed_the_poro_v2Tests.xctest */ = {isa = PBXFileReference; explicitFileType = wrapper.cfbundle; includeInIndex = 0; path = feed_the_poro_v2Tests.xctest; sourceTree = BUILT_PRODUCTS_DIR; };
		05751E0A2AA578D700DE9203 /* feed_the_poro_v2Tests.swift */ = {isa = PBXFileReference; lastKnownFileType = sourcecode.swift; path = feed_the_poro_v2Tests.swift; sourceTree = "<group>"; };
		05751E102AA578D700DE9203 /* feed_the_poro_v2UITests.xctest */ = {isa = PBXFileReference; explicitFileType = wrapper.cfbundle; includeInIndex = 0; path = feed_the_poro_v2UITests.xctest; sourceTree = BUILT_PRODUCTS_DIR; };
		05751E142AA578D700DE9203 /* feed_the_poro_v2UITests.swift */ = {isa = PBXFileReference; lastKnownFileType = sourcecode.swift; path = feed_the_poro_v2UITests.swift; sourceTree = "<group>"; };
		05751E162AA578D700DE9203 /* feed_the_poro_v2UITestsLaunchTests.swift */ = {isa = PBXFileReference; lastKnownFileType = sourcecode.swift; path = feed_the_poro_v2UITestsLaunchTests.swift; sourceTree = "<group>"; };
		05751E232AA5790800DE9203 /* GameManager.swift */ = {isa = PBXFileReference; lastKnownFileType = sourcecode.swift; path = GameManager.swift; sourceTree = "<group>"; };
		05751E252AA5793200DE9203 /* Scramble.swift */ = {isa = PBXFileReference; lastKnownFileType = sourcecode.swift; path = Scramble.swift; sourceTree = "<group>"; };
		05751E332AA69C5800DE9203 /* random.swift */ = {isa = PBXFileReference; lastKnownFileType = sourcecode.swift; path = random.swift; sourceTree = "<group>"; };
		057EBE9F2AB7BB5500872E6C /* AllWords.swift */ = {isa = PBXFileReference; fileEncoding = 4; lastKnownFileType = sourcecode.swift; name = AllWords.swift; path = "../../../LionSpell III Assets (1)/AllWords.swift"; sourceTree = "<group>"; };
		057EBEA12AB7BB6400872E6C /* French.swift */ = {isa = PBXFileReference; fileEncoding = 4; lastKnownFileType = sourcecode.swift; name = French.swift; path = "../../../LionSpell III Assets (1)/French.swift"; sourceTree = "<group>"; };
		057EBEA32AB7BB7700872E6C /* German.swift */ = {isa = PBXFileReference; fileEncoding = 4; lastKnownFileType = sourcecode.swift; name = German.swift; path = "../../../LionSpell III Assets (1)/German.swift"; sourceTree = "<group>"; };
		057EBEA52AB7BB8000872E6C /* Italian.swift */ = {isa = PBXFileReference; fileEncoding = 4; lastKnownFileType = sourcecode.swift; name = Italian.swift; path = "../../../LionSpell III Assets (1)/Italian.swift"; sourceTree = "<group>"; };
		0582F7E42AB00D1F00AF62C4 /* PreferencesView.swift */ = {isa = PBXFileReference; lastKnownFileType = sourcecode.swift; path = PreferencesView.swift; sourceTree = "<group>"; };
		0582F7E62AB018EE00AF62C4 /* HintsView.swift */ = {isa = PBXFileReference; lastKnownFileType = sourcecode.swift; path = HintsView.swift; sourceTree = "<group>"; };
		0582F7E82AB0321C00AF62C4 /* shape.swift */ = {isa = PBXFileReference; lastKnownFileType = sourcecode.swift; path = shape.swift; sourceTree = "<group>"; };
/* End PBXFileReference section */

/* Begin PBXFrameworksBuildPhase section */
		05751DF22AA578D600DE9203 /* Frameworks */ = {
			isa = PBXFrameworksBuildPhase;
			buildActionMask = 2147483647;
			files = (
			);
			runOnlyForDeploymentPostprocessing = 0;
		};
		05751E032AA578D700DE9203 /* Frameworks */ = {
			isa = PBXFrameworksBuildPhase;
			buildActionMask = 2147483647;
			files = (
			);
			runOnlyForDeploymentPostprocessing = 0;
		};
		05751E0D2AA578D700DE9203 /* Frameworks */ = {
			isa = PBXFrameworksBuildPhase;
			buildActionMask = 2147483647;
			files = (
			);
			runOnlyForDeploymentPostprocessing = 0;
		};
/* End PBXFrameworksBuildPhase section */

/* Begin PBXGroup section */
		05751DEC2AA578D600DE9203 = {
			isa = PBXGroup;
			children = (
				05751DF72AA578D600DE9203 /* feed_the_poro_v2 */,
				05751E092AA578D700DE9203 /* feed_the_poro_v2Tests */,
				05751E132AA578D700DE9203 /* feed_the_poro_v2UITests */,
				05751DF62AA578D600DE9203 /* Products */,
			);
			sourceTree = "<group>";
		};
		05751DF62AA578D600DE9203 /* Products */ = {
			isa = PBXGroup;
			children = (
				05751DF52AA578D600DE9203 /* feed_the_poro_v2.app */,
				05751E062AA578D700DE9203 /* feed_the_poro_v2Tests.xctest */,
				05751E102AA578D700DE9203 /* feed_the_poro_v2UITests.xctest */,
			);
			name = Products;
			sourceTree = "<group>";
		};
		05751DF72AA578D600DE9203 /* feed_the_poro_v2 */ = {
			isa = PBXGroup;
			children = (
				05751E252AA5793200DE9203 /* Scramble.swift */,
				0582F7E42AB00D1F00AF62C4 /* PreferencesView.swift */,
				0582F7E62AB018EE00AF62C4 /* HintsView.swift */,
				05751E232AA5790800DE9203 /* GameManager.swift */,
				05751DFA2AA578D700DE9203 /* ContentView.swift */,
				0582F7E82AB0321C00AF62C4 /* shape.swift */,
				05751DF82AA578D700DE9203 /* feed_the_poro_v2App.swift */,
				057EBE9F2AB7BB5500872E6C /* AllWords.swift */,
				057EBEA12AB7BB6400872E6C /* French.swift */,
				057EBEA32AB7BB7700872E6C /* German.swift */,
				057EBEA52AB7BB8000872E6C /* Italian.swift */,
				05751DFC2AA578D700DE9203 /* Assets.xcassets */,
				05751DFE2AA578D700DE9203 /* feed_the_poro_v2.entitlements */,
				05751DFF2AA578D700DE9203 /* Preview Content */,
			);
			path = feed_the_poro_v2;
			sourceTree = "<group>";
		};
		05751DFF2AA578D700DE9203 /* Preview Content */ = {
			isa = PBXGroup;
			children = (
				05751E002AA578D700DE9203 /* Preview Assets.xcassets */,
				05751E332AA69C5800DE9203 /* random.swift */,
			);
			path = "Preview Content";
			sourceTree = "<group>";
		};
		05751E092AA578D700DE9203 /* feed_the_poro_v2Tests */ = {
			isa = PBXGroup;
			children = (
				05751E0A2AA578D700DE9203 /* feed_the_poro_v2Tests.swift */,
			);
			path = feed_the_poro_v2Tests;
			sourceTree = "<group>";
		};
		05751E132AA578D700DE9203 /* feed_the_poro_v2UITests */ = {
			isa = PBXGroup;
			children = (
				05751E142AA578D700DE9203 /* feed_the_poro_v2UITests.swift */,
				05751E162AA578D700DE9203 /* feed_the_poro_v2UITestsLaunchTests.swift */,
			);
			path = feed_the_poro_v2UITests;
			sourceTree = "<group>";
		};
/* End PBXGroup section */

/* Begin PBXNativeTarget section */
		05751DF42AA578D600DE9203 /* feed_the_poro_v2 */ = {
			isa = PBXNativeTarget;
			buildConfigurationList = 05751E1A2AA578D700DE9203 /* Build configuration list for PBXNativeTarget "feed_the_poro_v2" */;
			buildPhases = (
				05751DF12AA578D600DE9203 /* Sources */,
				05751DF22AA578D600DE9203 /* Frameworks */,
				05751DF32AA578D600DE9203 /* Resources */,
			);
			buildRules = (
			);
			dependencies = (
			);
			name = feed_the_poro_v2;
			productName = feed_the_poro_v2;
			productReference = 05751DF52AA578D600DE9203 /* feed_the_poro_v2.app */;
			productType = "com.apple.product-type.application";
		};
		05751E052AA578D700DE9203 /* feed_the_poro_v2Tests */ = {
			isa = PBXNativeTarget;
			buildConfigurationList = 05751E1D2AA578D700DE9203 /* Build configuration list for PBXNativeTarget "feed_the_poro_v2Tests" */;
			buildPhases = (
				05751E022AA578D700DE9203 /* Sources */,
				05751E032AA578D700DE9203 /* Frameworks */,
				05751E042AA578D700DE9203 /* Resources */,
			);
			buildRules = (
			);
			dependencies = (
				05751E082AA578D700DE9203 /* PBXTargetDependency */,
			);
			name = feed_the_poro_v2Tests;
			productName = feed_the_poro_v2Tests;
			productReference = 05751E062AA578D700DE9203 /* feed_the_poro_v2Tests.xctest */;
			productType = "com.apple.product-type.bundle.unit-test";
		};
		05751E0F2AA578D700DE9203 /* feed_the_poro_v2UITests */ = {
			isa = PBXNativeTarget;
			buildConfigurationList = 05751E202AA578D700DE9203 /* Build configuration list for PBXNativeTarget "feed_the_poro_v2UITests" */;
			buildPhases = (
				05751E0C2AA578D700DE9203 /* Sources */,
				05751E0D2AA578D700DE9203 /* Frameworks */,
				05751E0E2AA578D700DE9203 /* Resources */,
			);
			buildRules = (
			);
			dependencies = (
				05751E122AA578D700DE9203 /* PBXTargetDependency */,
			);
			name = feed_the_poro_v2UITests;
			productName = feed_the_poro_v2UITests;
			productReference = 05751E102AA578D700DE9203 /* feed_the_poro_v2UITests.xctest */;
			productType = "com.apple.product-type.bundle.ui-testing";
		};
/* End PBXNativeTarget section */

/* Begin PBXProject section */
		05751DED2AA578D600DE9203 /* Project object */ = {
			isa = PBXProject;
			attributes = {
				BuildIndependentTargetsInParallel = 1;
				LastSwiftUpdateCheck = 1430;
				LastUpgradeCheck = 1430;
				TargetAttributes = {
					05751DF42AA578D600DE9203 = {
						CreatedOnToolsVersion = 14.3.1;
					};
					05751E052AA578D700DE9203 = {
						CreatedOnToolsVersion = 14.3.1;
						TestTargetID = 05751DF42AA578D600DE9203;
					};
					05751E0F2AA578D700DE9203 = {
						CreatedOnToolsVersion = 14.3.1;
						TestTargetID = 05751DF42AA578D600DE9203;
					};
				};
			};
			buildConfigurationList = 05751DF02AA578D600DE9203 /* Build configuration list for PBXProject "feed_the_poro_v2" */;
			compatibilityVersion = "Xcode 14.0";
			developmentRegion = en;
			hasScannedForEncodings = 0;
			knownRegions = (
				en,
				Base,
			);
			mainGroup = 05751DEC2AA578D600DE9203;
			productRefGroup = 05751DF62AA578D600DE9203 /* Products */;
			projectDirPath = "";
			projectRoot = "";
			targets = (
				05751DF42AA578D600DE9203 /* feed_the_poro_v2 */,
				05751E052AA578D700DE9203 /* feed_the_poro_v2Tests */,
				05751E0F2AA578D700DE9203 /* feed_the_poro_v2UITests */,
			);
		};
/* End PBXProject section */

/* Begin PBXResourcesBuildPhase section */
		05751DF32AA578D600DE9203 /* Resources */ = {
			isa = PBXResourcesBuildPhase;
			buildActionMask = 2147483647;
			files = (
				05751E012AA578D700DE9203 /* Preview Assets.xcassets in Resources */,
				05751DFD2AA578D700DE9203 /* Assets.xcassets in Resources */,
			);
			runOnlyForDeploymentPostprocessing = 0;
		};
		05751E042AA578D700DE9203 /* Resources */ = {
			isa = PBXResourcesBuildPhase;
			buildActionMask = 2147483647;
			files = (
			);
			runOnlyForDeploymentPostprocessing = 0;
		};
		05751E0E2AA578D700DE9203 /* Resources */ = {
			isa = PBXResourcesBuildPhase;
			buildActionMask = 2147483647;
			files = (
			);
			runOnlyForDeploymentPostprocessing = 0;
		};
/* End PBXResourcesBuildPhase section */

/* Begin PBXSourcesBuildPhase section */
		05751DF12AA578D600DE9203 /* Sources */ = {
			isa = PBXSourcesBuildPhase;
			buildActionMask = 2147483647;
			files = (
				05751E342AA69C5800DE9203 /* random.swift in Sources */,
				057EBEA42AB7BB7700872E6C /* German.swift in Sources */,
				057EBEA22AB7BB6400872E6C /* French.swift in Sources */,
				05751DFB2AA578D700DE9203 /* ContentView.swift in Sources */,
				05751E242AA5790800DE9203 /* GameManager.swift in Sources */,
				05751E262AA5793200DE9203 /* Scramble.swift in Sources */,
				057EBEA62AB7BB8000872E6C /* Italian.swift in Sources */,
				057EBEA02AB7BB5500872E6C /* AllWords.swift in Sources */,
				0582F7E72AB018EE00AF62C4 /* HintsView.swift in Sources */,
				05751DF92AA578D700DE9203 /* feed_the_poro_v2App.swift in Sources */,
				0582F7E52AB00D1F00AF62C4 /* PreferencesView.swift in Sources */,
				0582F7E92AB0321C00AF62C4 /* shape.swift in Sources */,
			);
			runOnlyForDeploymentPostprocessing = 0;
		};
		05751E022AA578D700DE9203 /* Sources */ = {
			isa = PBXSourcesBuildPhase;
			buildActionMask = 2147483647;
			files = (
				05751E0B2AA578D700DE9203 /* feed_the_poro_v2Tests.swift in Sources */,
			);
			runOnlyForDeploymentPostprocessing = 0;
		};
		05751E0C2AA578D700DE9203 /* Sources */ = {
			isa = PBXSourcesBuildPhase;
			buildActionMask = 2147483647;
			files = (
				05751E172AA578D700DE9203 /* feed_the_poro_v2UITestsLaunchTests.swift in Sources */,
				05751E152AA578D700DE9203 /* feed_the_poro_v2UITests.swift in Sources */,
			);
			runOnlyForDeploymentPostprocessing = 0;
		};
/* End PBXSourcesBuildPhase section */

/* Begin PBXTargetDependency section */
		05751E082AA578D700DE9203 /* PBXTargetDependency */ = {
			isa = PBXTargetDependency;
			target = 05751DF42AA578D600DE9203 /* feed_the_poro_v2 */;
			targetProxy = 05751E072AA578D700DE9203 /* PBXContainerItemProxy */;
		};
		05751E122AA578D700DE9203 /* PBXTargetDependency */ = {
			isa = PBXTargetDependency;
			target = 05751DF42AA578D600DE9203 /* feed_the_poro_v2 */;
			targetProxy = 05751E112AA578D700DE9203 /* PBXContainerItemProxy */;
		};
/* End PBXTargetDependency section */

/* Begin XCBuildConfiguration section */
		05751E182AA578D700DE9203 /* Debug */ = {
			isa = XCBuildConfiguration;
			buildSettings = {
				ALWAYS_SEARCH_USER_PATHS = NO;
				CLANG_ANALYZER_NONNULL = YES;
				CLANG_ANALYZER_NUMBER_OBJECT_CONVERSION = YES_AGGRESSIVE;
				CLANG_CXX_LANGUAGE_STANDARD = "gnu++20";
				CLANG_ENABLE_MODULES = YES;
				CLANG_ENABLE_OBJC_ARC = YES;
				CLANG_ENABLE_OBJC_WEAK = YES;
				CLANG_WARN_BLOCK_CAPTURE_AUTORELEASING = YES;
				CLANG_WARN_BOOL_CONVERSION = YES;
				CLANG_WARN_COMMA = YES;
				CLANG_WARN_CONSTANT_CONVERSION = YES;
				CLANG_WARN_DEPRECATED_OBJC_IMPLEMENTATIONS = YES;
				CLANG_WARN_DIRECT_OBJC_ISA_USAGE = YES_ERROR;
				CLANG_WARN_DOCUMENTATION_COMMENTS = YES;
				CLANG_WARN_EMPTY_BODY = YES;
				CLANG_WARN_ENUM_CONVERSION = YES;
				CLANG_WARN_INFINITE_RECURSION = YES;
				CLANG_WARN_INT_CONVERSION = YES;
				CLANG_WARN_NON_LITERAL_NULL_CONVERSION = YES;
				CLANG_WARN_OBJC_IMPLICIT_RETAIN_SELF = YES;
				CLANG_WARN_OBJC_LITERAL_CONVERSION = YES;
				CLANG_WARN_OBJC_ROOT_CLASS = YES_ERROR;
				CLANG_WARN_QUOTED_INCLUDE_IN_FRAMEWORK_HEADER = YES;
				CLANG_WARN_RANGE_LOOP_ANALYSIS = YES;
				CLANG_WARN_STRICT_PROTOTYPES = YES;
				CLANG_WARN_SUSPICIOUS_MOVE = YES;
				CLANG_WARN_UNGUARDED_AVAILABILITY = YES_AGGRESSIVE;
				CLANG_WARN_UNREACHABLE_CODE = YES;
				CLANG_WARN__DUPLICATE_METHOD_MATCH = YES;
				COPY_PHASE_STRIP = NO;
				DEBUG_INFORMATION_FORMAT = dwarf;
				ENABLE_STRICT_OBJC_MSGSEND = YES;
				ENABLE_TESTABILITY = YES;
				GCC_C_LANGUAGE_STANDARD = gnu11;
				GCC_DYNAMIC_NO_PIC = NO;
				GCC_NO_COMMON_BLOCKS = YES;
				GCC_OPTIMIZATION_LEVEL = 0;
				GCC_PREPROCESSOR_DEFINITIONS = (
					"DEBUG=1",
					"$(inherited)",
				);
				GCC_WARN_64_TO_32_BIT_CONVERSION = YES;
				GCC_WARN_ABOUT_RETURN_TYPE = YES_ERROR;
				GCC_WARN_UNDECLARED_SELECTOR = YES;
				GCC_WARN_UNINITIALIZED_AUTOS = YES_AGGRESSIVE;
				GCC_WARN_UNUSED_FUNCTION = YES;
				GCC_WARN_UNUSED_VARIABLE = YES;
				MTL_ENABLE_DEBUG_INFO = INCLUDE_SOURCE;
				MTL_FAST_MATH = YES;
				ONLY_ACTIVE_ARCH = YES;
				SWIFT_ACTIVE_COMPILATION_CONDITIONS = DEBUG;
				SWIFT_OPTIMIZATION_LEVEL = "-Onone";
			};
			name = Debug;
		};
		05751E192AA578D700DE9203 /* Release */ = {
			isa = XCBuildConfiguration;
			buildSettings = {
				ALWAYS_SEARCH_USER_PATHS = NO;
				CLANG_ANALYZER_NONNULL = YES;
				CLANG_ANALYZER_NUMBER_OBJECT_CONVERSION = YES_AGGRESSIVE;
				CLANG_CXX_LANGUAGE_STANDARD = "gnu++20";
				CLANG_ENABLE_MODULES = YES;
				CLANG_ENABLE_OBJC_ARC = YES;
				CLANG_ENABLE_OBJC_WEAK = YES;
				CLANG_WARN_BLOCK_CAPTURE_AUTORELEASING = YES;
				CLANG_WARN_BOOL_CONVERSION = YES;
				CLANG_WARN_COMMA = YES;
				CLANG_WARN_CONSTANT_CONVERSION = YES;
				CLANG_WARN_DEPRECATED_OBJC_IMPLEMENTATIONS = YES;
				CLANG_WARN_DIRECT_OBJC_ISA_USAGE = YES_ERROR;
				CLANG_WARN_DOCUMENTATION_COMMENTS = YES;
				CLANG_WARN_EMPTY_BODY = YES;
				CLANG_WARN_ENUM_CONVERSION = YES;
				CLANG_WARN_INFINITE_RECURSION = YES;
				CLANG_WARN_INT_CONVERSION = YES;
				CLANG_WARN_NON_LITERAL_NULL_CONVERSION = YES;
				CLANG_WARN_OBJC_IMPLICIT_RETAIN_SELF = YES;
				CLANG_WARN_OBJC_LITERAL_CONVERSION = YES;
				CLANG_WARN_OBJC_ROOT_CLASS = YES_ERROR;
				CLANG_WARN_QUOTED_INCLUDE_IN_FRAMEWORK_HEADER = YES;
				CLANG_WARN_RANGE_LOOP_ANALYSIS = YES;
				CLANG_WARN_STRICT_PROTOTYPES = YES;
				CLANG_WARN_SUSPICIOUS_MOVE = YES;
				CLANG_WARN_UNGUARDED_AVAILABILITY = YES_AGGRESSIVE;
				CLANG_WARN_UNREACHABLE_CODE = YES;
				CLANG_WARN__DUPLICATE_METHOD_MATCH = YES;
				COPY_PHASE_STRIP = NO;
				DEBUG_INFORMATION_FORMAT = "dwarf-with-dsym";
				ENABLE_NS_ASSERTIONS = NO;
				ENABLE_STRICT_OBJC_MSGSEND = YES;
				GCC_C_LANGUAGE_STANDARD = gnu11;
				GCC_NO_COMMON_BLOCKS = YES;
				GCC_WARN_64_TO_32_BIT_CONVERSION = YES;
				GCC_WARN_ABOUT_RETURN_TYPE = YES_ERROR;
				GCC_WARN_UNDECLARED_SELECTOR = YES;
				GCC_WARN_UNINITIALIZED_AUTOS = YES_AGGRESSIVE;
				GCC_WARN_UNUSED_FUNCTION = YES;
				GCC_WARN_UNUSED_VARIABLE = YES;
				MTL_ENABLE_DEBUG_INFO = NO;
				MTL_FAST_MATH = YES;
				SWIFT_COMPILATION_MODE = wholemodule;
				SWIFT_OPTIMIZATION_LEVEL = "-O";
			};
			name = Release;
		};
		05751E1B2AA578D700DE9203 /* Debug */ = {
			isa = XCBuildConfiguration;
			buildSettings = {
				ASSETCATALOG_COMPILER_APPICON_NAME = AppIcon;
				ASSETCATALOG_COMPILER_GLOBAL_ACCENT_COLOR_NAME = AccentColor;
				CODE_SIGN_ENTITLEMENTS = feed_the_poro_v2/feed_the_poro_v2.entitlements;
				CODE_SIGN_STYLE = Automatic;
				CURRENT_PROJECT_VERSION = 1;
				DEVELOPMENT_ASSET_PATHS = "\"feed_the_poro_v2/Preview Content\"";
				ENABLE_PREVIEWS = YES;
				GENERATE_INFOPLIST_FILE = YES;
				"INFOPLIST_KEY_UIApplicationSceneManifest_Generation[sdk=iphoneos*]" = YES;
				"INFOPLIST_KEY_UIApplicationSceneManifest_Generation[sdk=iphonesimulator*]" = YES;
				"INFOPLIST_KEY_UIApplicationSupportsIndirectInputEvents[sdk=iphoneos*]" = YES;
				"INFOPLIST_KEY_UIApplicationSupportsIndirectInputEvents[sdk=iphonesimulator*]" = YES;
				"INFOPLIST_KEY_UILaunchScreen_Generation[sdk=iphoneos*]" = YES;
				"INFOPLIST_KEY_UILaunchScreen_Generation[sdk=iphonesimulator*]" = YES;
				"INFOPLIST_KEY_UIStatusBarStyle[sdk=iphoneos*]" = UIStatusBarStyleDefault;
				"INFOPLIST_KEY_UIStatusBarStyle[sdk=iphonesimulator*]" = UIStatusBarStyleDefault;
				INFOPLIST_KEY_UISupportedInterfaceOrientations_iPad = "UIInterfaceOrientationPortrait UIInterfaceOrientationPortraitUpsideDown UIInterfaceOrientationLandscapeLeft UIInterfaceOrientationLandscapeRight";
				INFOPLIST_KEY_UISupportedInterfaceOrientations_iPhone = "UIInterfaceOrientationPortrait UIInterfaceOrientationLandscapeLeft UIInterfaceOrientationLandscapeRight";
				IPHONEOS_DEPLOYMENT_TARGET = 16.4;
				LD_RUNPATH_SEARCH_PATHS = "@executable_path/Frameworks";
				"LD_RUNPATH_SEARCH_PATHS[sdk=macosx*]" = "@executable_path/../Frameworks";
				MACOSX_DEPLOYMENT_TARGET = 13.3;
				MARKETING_VERSION = 1.0;
				PRODUCT_BUNDLE_IDENTIFIER = "cmpsc475.feed-the-poro-v2";
				PRODUCT_NAME = "$(TARGET_NAME)";
				SDKROOT = auto;
				SUPPORTED_PLATFORMS = "iphoneos iphonesimulator macosx";
				SWIFT_EMIT_LOC_STRINGS = YES;
				SWIFT_VERSION = 5.0;
				TARGETED_DEVICE_FAMILY = "1,2";
			};
			name = Debug;
		};
		05751E1C2AA578D700DE9203 /* Release */ = {
			isa = XCBuildConfiguration;
			buildSettings = {
				ASSETCATALOG_COMPILER_APPICON_NAME = AppIcon;
				ASSETCATALOG_COMPILER_GLOBAL_ACCENT_COLOR_NAME = AccentColor;
				CODE_SIGN_ENTITLEMENTS = feed_the_poro_v2/feed_the_poro_v2.entitlements;
				CODE_SIGN_STYLE = Automatic;
				CURRENT_PROJECT_VERSION = 1;
				DEVELOPMENT_ASSET_PATHS = "\"feed_the_poro_v2/Preview Content\"";
				ENABLE_PREVIEWS = YES;
				GENERATE_INFOPLIST_FILE = YES;
				"INFOPLIST_KEY_UIApplicationSceneManifest_Generation[sdk=iphoneos*]" = YES;
				"INFOPLIST_KEY_UIApplicationSceneManifest_Generation[sdk=iphonesimulator*]" = YES;
				"INFOPLIST_KEY_UIApplicationSupportsIndirectInputEvents[sdk=iphoneos*]" = YES;
				"INFOPLIST_KEY_UIApplicationSupportsIndirectInputEvents[sdk=iphonesimulator*]" = YES;
				"INFOPLIST_KEY_UILaunchScreen_Generation[sdk=iphoneos*]" = YES;
				"INFOPLIST_KEY_UILaunchScreen_Generation[sdk=iphonesimulator*]" = YES;
				"INFOPLIST_KEY_UIStatusBarStyle[sdk=iphoneos*]" = UIStatusBarStyleDefault;
				"INFOPLIST_KEY_UIStatusBarStyle[sdk=iphonesimulator*]" = UIStatusBarStyleDefault;
				INFOPLIST_KEY_UISupportedInterfaceOrientations_iPad = "UIInterfaceOrientationPortrait UIInterfaceOrientationPortraitUpsideDown UIInterfaceOrientationLandscapeLeft UIInterfaceOrientationLandscapeRight";
				INFOPLIST_KEY_UISupportedInterfaceOrientations_iPhone = "UIInterfaceOrientationPortrait UIInterfaceOrientationLandscapeLeft UIInterfaceOrientationLandscapeRight";
				IPHONEOS_DEPLOYMENT_TARGET = 16.4;
				LD_RUNPATH_SEARCH_PATHS = "@executable_path/Frameworks";
				"LD_RUNPATH_SEARCH_PATHS[sdk=macosx*]" = "@executable_path/../Frameworks";
				MACOSX_DEPLOYMENT_TARGET = 13.3;
				MARKETING_VERSION = 1.0;
				PRODUCT_BUNDLE_IDENTIFIER = "cmpsc475.feed-the-poro-v2";
				PRODUCT_NAME = "$(TARGET_NAME)";
				SDKROOT = auto;
				SUPPORTED_PLATFORMS = "iphoneos iphonesimulator macosx";
				SWIFT_EMIT_LOC_STRINGS = YES;
				SWIFT_VERSION = 5.0;
				TARGETED_DEVICE_FAMILY = "1,2";
			};
			name = Release;
		};
		05751E1E2AA578D700DE9203 /* Debug */ = {
			isa = XCBuildConfiguration;
			buildSettings = {
				ALWAYS_EMBED_SWIFT_STANDARD_LIBRARIES = YES;
				BUNDLE_LOADER = "$(TEST_HOST)";
				CODE_SIGN_STYLE = Automatic;
				CURRENT_PROJECT_VERSION = 1;
				GENERATE_INFOPLIST_FILE = YES;
				IPHONEOS_DEPLOYMENT_TARGET = 16.4;
				MACOSX_DEPLOYMENT_TARGET = 13.3;
				MARKETING_VERSION = 1.0;
				PRODUCT_BUNDLE_IDENTIFIER = "cmpsc475.feed-the-poro-v2Tests";
				PRODUCT_NAME = "$(TARGET_NAME)";
				SDKROOT = auto;
				SUPPORTED_PLATFORMS = "iphoneos iphonesimulator macosx";
				SWIFT_EMIT_LOC_STRINGS = NO;
				SWIFT_VERSION = 5.0;
				TARGETED_DEVICE_FAMILY = "1,2";
				TEST_HOST = "$(BUILT_PRODUCTS_DIR)/feed_the_poro_v2.app/$(BUNDLE_EXECUTABLE_FOLDER_PATH)/feed_the_poro_v2";
			};
			name = Debug;
		};
		05751E1F2AA578D700DE9203 /* Release */ = {
			isa = XCBuildConfiguration;
			buildSettings = {
				ALWAYS_EMBED_SWIFT_STANDARD_LIBRARIES = YES;
				BUNDLE_LOADER = "$(TEST_HOST)";
				CODE_SIGN_STYLE = Automatic;
				CURRENT_PROJECT_VERSION = 1;
				GENERATE_INFOPLIST_FILE = YES;
				IPHONEOS_DEPLOYMENT_TARGET = 16.4;
				MACOSX_DEPLOYMENT_TARGET = 13.3;
				MARKETING_VERSION = 1.0;
				PRODUCT_BUNDLE_IDENTIFIER = "cmpsc475.feed-the-poro-v2Tests";
				PRODUCT_NAME = "$(TARGET_NAME)";
				SDKROOT = auto;
				SUPPORTED_PLATFORMS = "iphoneos iphonesimulator macosx";
				SWIFT_EMIT_LOC_STRINGS = NO;
				SWIFT_VERSION = 5.0;
				TARGETED_DEVICE_FAMILY = "1,2";
				TEST_HOST = "$(BUILT_PRODUCTS_DIR)/feed_the_poro_v2.app/$(BUNDLE_EXECUTABLE_FOLDER_PATH)/feed_the_poro_v2";
			};
			name = Release;
		};
		05751E212AA578D700DE9203 /* Debug */ = {
			isa = XCBuildConfiguration;
			buildSettings = {
				ALWAYS_EMBED_SWIFT_STANDARD_LIBRARIES = YES;
				CODE_SIGN_STYLE = Automatic;
				CURRENT_PROJECT_VERSION = 1;
				GENERATE_INFOPLIST_FILE = YES;
				IPHONEOS_DEPLOYMENT_TARGET = 16.4;
				MACOSX_DEPLOYMENT_TARGET = 13.3;
				MARKETING_VERSION = 1.0;
				PRODUCT_BUNDLE_IDENTIFIER = "cmpsc475.feed-the-poro-v2UITests";
				PRODUCT_NAME = "$(TARGET_NAME)";
				SDKROOT = auto;
				SUPPORTED_PLATFORMS = "iphoneos iphonesimulator macosx";
				SWIFT_EMIT_LOC_STRINGS = NO;
				SWIFT_VERSION = 5.0;
				TARGETED_DEVICE_FAMILY = "1,2";
				TEST_TARGET_NAME = feed_the_poro_v2;
			};
			name = Debug;
		};
		05751E222AA578D700DE9203 /* Release */ = {
			isa = XCBuildConfiguration;
			buildSettings = {
				ALWAYS_EMBED_SWIFT_STANDARD_LIBRARIES = YES;
				CODE_SIGN_STYLE = Automatic;
				CURRENT_PROJECT_VERSION = 1;
				GENERATE_INFOPLIST_FILE = YES;
				IPHONEOS_DEPLOYMENT_TARGET = 16.4;
				MACOSX_DEPLOYMENT_TARGET = 13.3;
				MARKETING_VERSION = 1.0;
				PRODUCT_BUNDLE_IDENTIFIER = "cmpsc475.feed-the-poro-v2UITests";
				PRODUCT_NAME = "$(TARGET_NAME)";
				SDKROOT = auto;
				SUPPORTED_PLATFORMS = "iphoneos iphonesimulator macosx";
				SWIFT_EMIT_LOC_STRINGS = NO;
				SWIFT_VERSION = 5.0;
				TARGETED_DEVICE_FAMILY = "1,2";
				TEST_TARGET_NAME = feed_the_poro_v2;
			};
			name = Release;
		};
/* End XCBuildConfiguration section */

/* Begin XCConfigurationList section */
		05751DF02AA578D600DE9203 /* Build configuration list for PBXProject "feed_the_poro_v2" */ = {
			isa = XCConfigurationList;
			buildConfigurations = (
				05751E182AA578D700DE9203 /* Debug */,
				05751E192AA578D700DE9203 /* Release */,
			);
			defaultConfigurationIsVisible = 0;
			defaultConfigurationName = Release;
		};
		05751E1A2AA578D700DE9203 /* Build configuration list for PBXNativeTarget "feed_the_poro_v2" */ = {
			isa = XCConfigurationList;
			buildConfigurations = (
				05751E1B2AA578D700DE9203 /* Debug */,
				05751E1C2AA578D700DE9203 /* Release */,
			);
			defaultConfigurationIsVisible = 0;
			defaultConfigurationName = Release;
		};
		05751E1D2AA578D700DE9203 /* Build configuration list for PBXNativeTarget "feed_the_poro_v2Tests" */ = {
			isa = XCConfigurationList;
			buildConfigurations = (
				05751E1E2AA578D700DE9203 /* Debug */,
				05751E1F2AA578D700DE9203 /* Release */,
			);
			defaultConfigurationIsVisible = 0;
			defaultConfigurationName = Release;
		};
		05751E202AA578D700DE9203 /* Build configuration list for PBXNativeTarget "feed_the_poro_v2UITests" */ = {
			isa = XCConfigurationList;
			buildConfigurations = (
				05751E212AA578D700DE9203 /* Debug */,
				05751E222AA578D700DE9203 /* Release */,
			);
			defaultConfigurationIsVisible = 0;
			defaultConfigurationName = Release;
		};
/* End XCConfigurationList section */
	};
	rootObject = 05751DED2AA578D600DE9203 /* Project object */;
}
